
Microsoft Visual Studio Solution File, Format Version 12.00
# Visual Studio 15
VisualStudioVersion = 15.0.28010.2003
MinimumVisualStudioVersion = 10.0.40219.1
Project("{FAE04EC0-301F-11D3-BF4B-00C04F79EFBC}") = "BWC", "BWC\BWC.csproj", "{2E83E819-11BD-468C-BFDF-31BE37691884}"
EndProject
Project("{FAE04EC0-301F-11D3-BF4B-00C04F79EFBC}") = "BWC.Authentication", "BWC.Authentication\BWC.Authentication.csproj", "{E5C51FF4-0994-42FE-80BE-25D61B00D99B}"
EndProject
Project("{FAE04EC0-301F-11D3-BF4B-00C04F79EFBC}") = "BWC.Model", "BWC.Model\BWC.Model.csproj", "{BB301DD0-468A-4116-837B-799DF0F4F775}"
EndProject
Project("{FAE04EC0-301F-11D3-BF4B-00C04F79EFBC}") = "BWC.Core", "BWC.Core\BWC.Core.csproj", "{FD6EE8FC-CD44-47DF-A0E0-278AD8716DDA}"
EndProject
Global
	GlobalSection(SolutionConfigurationPlatforms) = preSolution
		Debug|Any CPU = Debug|Any CPU
		Release|Any CPU = Release|Any CPU
	EndGlobalSection
	GlobalSection(ProjectConfigurationPlatforms) = postSolution
		{2E83E819-11BD-468C-BFDF-31BE37691884}.Debug|Any CPU.ActiveCfg = Debug|Any CPU
		{2E83E819-11BD-468C-BFDF-31BE37691884}.Debug|Any CPU.Build.0 = Debug|Any CPU
		{2E83E819-11BD-468C-BFDF-31BE37691884}.Release|Any CPU.ActiveCfg = Release|Any CPU
		{2E83E819-11BD-468C-BFDF-31BE37691884}.Release|Any CPU.Build.0 = Release|Any CPU
		{E5C51FF4-0994-42FE-80BE-25D61B00D99B}.Debug|Any CPU.ActiveCfg = Debug|Any CPU
		{E5C51FF4-0994-42FE-80BE-25D61B00D99B}.Debug|Any CPU.Build.0 = Debug|Any CPU
		{E5C51FF4-0994-42FE-80BE-25D61B00D99B}.Release|Any CPU.ActiveCfg = Release|Any CPU
		{E5C51FF4-0994-42FE-80BE-25D61B00D99B}.Release|Any CPU.Build.0 = Release|Any CPU
		{BB301DD0-468A-4116-837B-799DF0F4F775}.Debug|Any CPU.ActiveCfg = Debug|Any CPU
		{BB301DD0-468A-4116-837B-799DF0F4F775}.Debug|Any CPU.Build.0 = Debug|Any CPU
		{BB301DD0-468A-4116-837B-799DF0F4F775}.Release|Any CPU.ActiveCfg = Release|Any CPU
		{BB301DD0-468A-4116-837B-799DF0F4F775}.Release|Any CPU.Build.0 = Release|Any CPU
		{FD6EE8FC-CD44-47DF-A0E0-278AD8716DDA}.Debug|Any CPU.ActiveCfg = Debug|Any CPU
		{FD6EE8FC-CD44-47DF-A0E0-278AD8716DDA}.Debug|Any CPU.Build.0 = Debug|Any CPU
		{FD6EE8FC-CD44-47DF-A0E0-278AD8716DDA}.Release|Any CPU.ActiveCfg = Release|Any CPU
		{FD6EE8FC-CD44-47DF-A0E0-278AD8716DDA}.Release|Any CPU.Build.0 = Release|Any CPU
	EndGlobalSection
	GlobalSection(SolutionProperties) = preSolution
		HideSolutionNode = FALSE
	EndGlobalSection
	GlobalSection(ExtensibilityGlobals) = postSolution
		SolutionGuid = {877C2A69-2EA8-42FD-96A3-51DBB2CAC608}
	EndGlobalSection
EndGlobal
